{
  "name": "renting_house",
  "version": "0.1.0",
  "lockfileVersion": 1,
  "requires": true,
  "dependencies": {
    "@babel/runtime": {
      "version": "7.3.4",
      "resolved": "https://registry.npmjs.org/@babel/runtime/-/runtime-7.3.4.tgz",
      "integrity": "sha512-IvfvnMdSaLBateu0jfsYIpZTxAc2cKEXEMiezGGN75QcBcecDUKd3PgLAncT0oOgxKy8dd8hrJKj9MfzgfZd6g==",
      "requires": {
        "regenerator-runtime": "0.12.1"
      }
    },
    "@semantic-ui-react/event-stack": {
      "version": "3.1.0",
      "resolved": "https://registry.npmjs.org/@semantic-ui-react/event-stack/-/event-stack-3.1.0.tgz",
      "integrity": "sha512-WHtU9wutZByZtFZxzj4BVEk+rvWldZpZhRcyv6d84+XLSolm83zLHYJLTACGuSl6Xa/xpgVXquvm9GyMudkJYg==",
      "requires": {
        "exenv": "1.2.2",
        "prop-types": "15.7.2"
      }
    },
    "classnames": {
      "version": "2.2.6",
      "resolved": "https://registry.npmjs.org/classnames/-/classnames-2.2.6.tgz",
      "integrity": "sha512-JR/iSQOSt+LQIWwrwEzJ9uk0xfN3mTVYMwt1Ir5mUcSN6pU+V4zQFFaJsclJbPuAUQH+yfWef6tm7l1quW3C8Q=="
    },
    "exenv": {
      "version": "1.2.2",
      "resolved": "https://registry.npmjs.org/exenv/-/exenv-1.2.2.tgz",
      "integrity": "sha1-KueOhdmJQVhnCwPUe+wfA72Ru50="
    },
    "jquery": {
      "version": "3.3.1",
      "resolved": "https://registry.npmjs.org/jquery/-/jquery-3.3.1.tgz",
      "integrity": "sha512-Ubldcmxp5np52/ENotGxlLe6aGMvmF4R8S6tZjsP6Knsaxd/xp3Zrh50cG93lR6nPXyUFwzN3ZSOQI0wRJNdGg=="
    },
    "js-tokens": {
      "version": "4.0.0",
      "resolved": "https://registry.npmjs.org/js-tokens/-/js-tokens-4.0.0.tgz",
      "integrity": "sha512-RdJUflcE3cUzKiMqQgsCu06FPu9UdIJO0beYbPhHN4k6apgJtifcoCtT9bcxOpYBtpD2kCM6Sbzg4CausW/PKQ=="
    },
    "keyboard-key": {
      "version": "1.0.4",
      "resolved": "https://registry.npmjs.org/keyboard-key/-/keyboard-key-1.0.4.tgz",
      "integrity": "sha512-my04dE6BCwPpwoe4KYKfPxWiwgDYQOHrVmtzn1CfzmoEsGG/ef4oZGaXCzi1+iFhG7CN5JkOuxmei5OABY8/ag=="
    },
    "lodash": {
      "version": "4.17.11",
      "resolved": "https://registry.npmjs.org/lodash/-/lodash-4.17.11.tgz",
      "integrity": "sha512-cQKh8igo5QUhZ7lg38DYWAxMvjSAKG0A8wGSVimP07SIUEK2UO+arSRKbRZWtelMtN5V0Hkwh5ryOto/SshYIg=="
    },
    "loose-envify": {
      "version": "1.4.0",
      "resolved": "https://registry.npmjs.org/loose-envify/-/loose-envify-1.4.0.tgz",
      "integrity": "sha512-lyuxPGr/Wfhrlem2CL/UcnUc1zcqKAImBDzukY7Y5F/yQiNdko6+fRLevlw1HgMySw7f611UIY408EtxRSoK3Q==",
      "requires": {
        "js-tokens": "4.0.0"
      }
    },
    "object-assign": {
      "version": "4.1.1",
      "resolved": "https://registry.npmjs.org/object-assign/-/object-assign-4.1.1.tgz",
      "integrity": "sha1-IQmtx5ZYh8/AXLvUQsrIv7s2CGM="
    },
    "prop-types": {
      "version": "15.7.2",
      "resolved": "https://registry.npmjs.org/prop-types/-/prop-types-15.7.2.tgz",
      "integrity": "sha512-8QQikdH7//R2vurIJSutZ1smHYTcLpRWEOlHnzcWHmBYrOGUysKwSsrC89BCiFj3CbrfJ/nXFdJepOVrY1GCHQ==",
      "requires": {
        "loose-envify": "1.4.0",
        "object-assign": "4.1.1",
        "react-is": "16.8.4"
      }
    },
    "react-is": {
      "version": "16.8.4",
      "resolved": "https://registry.npmjs.org/react-is/-/react-is-16.8.4.tgz",
      "integrity": "sha512-PVadd+WaUDOAciICm/J1waJaSvgq+4rHE/K70j0PFqKhkTBsPv/82UGQJNXAngz1fOQLLxI6z1sEDmJDQhCTAA=="
    },
    "regenerator-runtime": {
      "version": "0.12.1",
      "resolved": "https://registry.npmjs.org/regenerator-runtime/-/regenerator-runtime-0.12.1.tgz",
      "integrity": "sha512-odxIc1/vDlo4iZcfXqRYFj0vpXFNoGdKMAUieAlFYO6m/nl5e9KR/beGf41z4a1FI+aQgtjhuaSlDxQ0hmkrHg=="
    },
    "semantic-ui-css": {
      "version": "2.4.1",
      "resolved": "https://registry.npmjs.org/semantic-ui-css/-/semantic-ui-css-2.4.1.tgz",
      "integrity": "sha512-Pkp0p9oWOxlH0kODx7qFpIRYpK1T4WJOO4lNnpNPOoWKCrYsfHqYSKgk5fHfQtnWnsAKy7nLJMW02bgDWWFZFg==",
      "requires": {
        "jquery": "3.3.1"
      }
    },
    "semantic-ui-react": {
      "version": "0.85.0",
      "resolved": "https://registry.npmjs.org/semantic-ui-react/-/semantic-ui-react-0.85.0.tgz",
      "integrity": "sha512-rroRoux+MMmLaZCZfFX9xZfTo1cy+JiM55fVaaqbfPq0s0RupraBhamJhvTDz7idl3ionaXPW7knJyZAz4XMGg==",
      "requires": {
        "@babel/runtime": "7.3.4",
        "@semantic-ui-react/event-stack": "3.1.0",
        "classnames": "2.2.6",
        "keyboard-key": "1.0.4",
        "lodash": "4.17.11",
        "prop-types": "15.7.2",
        "react-is": "16.8.4",
        "shallowequal": "1.1.0"
      }
    },
    "shallowequal": {
      "version": "1.1.0",
      "resolved": "https://registry.npmjs.org/shallowequal/-/shallowequal-1.1.0.tgz",
      "integrity": "sha512-y0m1JoUZSlPAjXVtPPW70aZWfIL/dSP7AFkRnniLCrK/8MDKog3TySTBmckD+RObVxH0v4Tox67+F14PdED2oQ=="
    }
  }
}
